
Microsoft Visual Studio Solution File, Format Version 12.00
# Visual Studio Version 17
VisualStudioVersion = 17.3.32811.315
MinimumVisualStudioVersion = 10.0.40219.1
Project("{FAE04EC0-301F-11D3-BF4B-00C04F79EFBC}") = "sqlapp", "sqlapp\sqlapp.csproj", "{2BCEE113-370E-42A2-A470-038DF7C92263}"
EndProject
Global
	GlobalSection(SolutionConfigurationPlatforms) = preSolution
		Debug|Any CPU = Debug|Any CPU
		Release|Any CPU = Release|Any CPU
	EndGlobalSection
	GlobalSection(ProjectConfigurationPlatforms) = postSolution
		{2BCEE113-370E-42A2-A470-038DF7C92263}.Debug|Any CPU.ActiveCfg = Debug|Any CPU
		{2BCEE113-370E-42A2-A470-038DF7C92263}.Debug|Any CPU.Build.0 = Debug|Any CPU
		{2BCEE113-370E-42A2-A470-038DF7C92263}.Release|Any CPU.ActiveCfg = Release|Any CPU
		{2BCEE113-370E-42A2-A470-038DF7C92263}.Release|Any CPU.Build.0 = Release|Any CPU
	EndGlobalSection
	GlobalSection(SolutionProperties) = preSolution
		HideSolutionNode = FALSE
	EndGlobalSection
	GlobalSection(ExtensibilityGlobals) = postSolution
		SolutionGuid = {0E1972A2-30E5-497A-8205-377735B7621D}
	EndGlobalSection
EndGlobal
